
Microsoft Visual Studio Solution File, Format Version 12.00
# Visual Studio Version 17
VisualStudioVersion = 17.0.31903.59
MinimumVisualStudioVersion = 10.0.40219.1
Project("{2150E333-8FDC-42A3-9474-1A3956D46DE8}") = "src", "src", "{827E0CD3-B72D-47B6-A68D-7590B98EB39B}"
EndProject
Project("{F2A71F9B-5D33-465A-A702-920D77279786}") = "FScript.Language", "src\FScript.Language\FScript.Language.fsproj", "{73C9C013-4E93-45EC-A69D-E490788D8E2B}"
EndProject
Project("{F2A71F9B-5D33-465A-A702-920D77279786}") = "FScript", "src\FScript\FScript.fsproj", "{56151E59-268A-4A4B-BE94-B7AD2E8B32FA}"
EndProject
Project("{2150E333-8FDC-42A3-9474-1A3956D46DE8}") = "tests", "tests", "{0AB3BF05-4346-4AA6-1389-037BE0695223}"
EndProject
Project("{F2A71F9B-5D33-465A-A702-920D77279786}") = "FScript.Language.Tests", "tests\FScript.Language.Tests\FScript.Language.Tests.fsproj", "{9C62883E-EFB0-4D9E-84F3-4138C123F55E}"
EndProject
Project("{F2A71F9B-5D33-465A-A702-920D77279786}") = "FScript.Runtime", "src\FScript.Runtime\FScript.Runtime.fsproj", "{8C2C5767-857A-44B0-80C2-DC90E0A60F4D}"
EndProject
Project("{F2A71F9B-5D33-465A-A702-920D77279786}") = "FScript.Runtime.Tests", "tests\FScript.Runtime.Tests\FScript.Runtime.Tests.fsproj", "{1E2C7B34-04B8-42C9-880D-CC47DEC156A7}"
EndProject
Project("{F2A71F9B-5D33-465A-A702-920D77279786}") = "FScript.LanguageServer", "src\FScript.LanguageServer\FScript.LanguageServer.fsproj", "{E22A34B5-F5E8-422D-9BA5-932B3C45188F}"
EndProject
Project("{F2A71F9B-5D33-465A-A702-920D77279786}") = "FScript.LanguageServer.Tests", "tests\FScript.LanguageServer.Tests\FScript.LanguageServer.Tests.fsproj", "{B734E1E1-59C2-47E0-8D19-A9C5C95938F1}"
EndProject
Project("{F2A71F9B-5D33-465A-A702-920D77279786}") = "FScript.CSharpInterop", "src\FScript.CSharpInterop\FScript.CSharpInterop.fsproj", "{8A28B784-F90B-469C-91BE-F96F63ACEA32}"
EndProject
Project("{FAE04EC0-301F-11D3-BF4B-00C04F79EFBC}") = "FScript.LanguageServer.CSharp", "src\FScript.LanguageServer.CSharp\FScript.LanguageServer.CSharp.csproj", "{78A97951-E42C-41EF-9A9E-BD33648A4C81}"
EndProject
Global
	GlobalSection(SolutionConfigurationPlatforms) = preSolution
		Debug|Any CPU = Debug|Any CPU
		Debug|x64 = Debug|x64
		Debug|x86 = Debug|x86
		Release|Any CPU = Release|Any CPU
		Release|x64 = Release|x64
		Release|x86 = Release|x86
	EndGlobalSection
	GlobalSection(ProjectConfigurationPlatforms) = postSolution
		{73C9C013-4E93-45EC-A69D-E490788D8E2B}.Debug|Any CPU.ActiveCfg = Debug|Any CPU
		{73C9C013-4E93-45EC-A69D-E490788D8E2B}.Debug|Any CPU.Build.0 = Debug|Any CPU
		{73C9C013-4E93-45EC-A69D-E490788D8E2B}.Debug|x64.ActiveCfg = Debug|Any CPU
		{73C9C013-4E93-45EC-A69D-E490788D8E2B}.Debug|x64.Build.0 = Debug|Any CPU
		{73C9C013-4E93-45EC-A69D-E490788D8E2B}.Debug|x86.ActiveCfg = Debug|Any CPU
		{73C9C013-4E93-45EC-A69D-E490788D8E2B}.Debug|x86.Build.0 = Debug|Any CPU
		{73C9C013-4E93-45EC-A69D-E490788D8E2B}.Release|Any CPU.ActiveCfg = Release|Any CPU
		{73C9C013-4E93-45EC-A69D-E490788D8E2B}.Release|Any CPU.Build.0 = Release|Any CPU
		{73C9C013-4E93-45EC-A69D-E490788D8E2B}.Release|x64.ActiveCfg = Release|Any CPU
		{73C9C013-4E93-45EC-A69D-E490788D8E2B}.Release|x64.Build.0 = Release|Any CPU
		{73C9C013-4E93-45EC-A69D-E490788D8E2B}.Release|x86.ActiveCfg = Release|Any CPU
		{73C9C013-4E93-45EC-A69D-E490788D8E2B}.Release|x86.Build.0 = Release|Any CPU
		{56151E59-268A-4A4B-BE94-B7AD2E8B32FA}.Debug|Any CPU.ActiveCfg = Debug|Any CPU
		{56151E59-268A-4A4B-BE94-B7AD2E8B32FA}.Debug|Any CPU.Build.0 = Debug|Any CPU
		{56151E59-268A-4A4B-BE94-B7AD2E8B32FA}.Debug|x64.ActiveCfg = Debug|Any CPU
		{56151E59-268A-4A4B-BE94-B7AD2E8B32FA}.Debug|x64.Build.0 = Debug|Any CPU
		{56151E59-268A-4A4B-BE94-B7AD2E8B32FA}.Debug|x86.ActiveCfg = Debug|Any CPU
		{56151E59-268A-4A4B-BE94-B7AD2E8B32FA}.Debug|x86.Build.0 = Debug|Any CPU
		{56151E59-268A-4A4B-BE94-B7AD2E8B32FA}.Release|Any CPU.ActiveCfg = Release|Any CPU
		{56151E59-268A-4A4B-BE94-B7AD2E8B32FA}.Release|Any CPU.Build.0 = Release|Any CPU
		{56151E59-268A-4A4B-BE94-B7AD2E8B32FA}.Release|x64.ActiveCfg = Release|Any CPU
		{56151E59-268A-4A4B-BE94-B7AD2E8B32FA}.Release|x64.Build.0 = Release|Any CPU
		{56151E59-268A-4A4B-BE94-B7AD2E8B32FA}.Release|x86.ActiveCfg = Release|Any CPU
		{56151E59-268A-4A4B-BE94-B7AD2E8B32FA}.Release|x86.Build.0 = Release|Any CPU
		{9C62883E-EFB0-4D9E-84F3-4138C123F55E}.Debug|Any CPU.ActiveCfg = Debug|Any CPU
		{9C62883E-EFB0-4D9E-84F3-4138C123F55E}.Debug|Any CPU.Build.0 = Debug|Any CPU
		{9C62883E-EFB0-4D9E-84F3-4138C123F55E}.Debug|x64.ActiveCfg = Debug|Any CPU
		{9C62883E-EFB0-4D9E-84F3-4138C123F55E}.Debug|x64.Build.0 = Debug|Any CPU
		{9C62883E-EFB0-4D9E-84F3-4138C123F55E}.Debug|x86.ActiveCfg = Debug|Any CPU
		{9C62883E-EFB0-4D9E-84F3-4138C123F55E}.Debug|x86.Build.0 = Debug|Any CPU
		{9C62883E-EFB0-4D9E-84F3-4138C123F55E}.Release|Any CPU.ActiveCfg = Release|Any CPU
		{9C62883E-EFB0-4D9E-84F3-4138C123F55E}.Release|Any CPU.Build.0 = Release|Any CPU
		{9C62883E-EFB0-4D9E-84F3-4138C123F55E}.Release|x64.ActiveCfg = Release|Any CPU
		{9C62883E-EFB0-4D9E-84F3-4138C123F55E}.Release|x64.Build.0 = Release|Any CPU
		{9C62883E-EFB0-4D9E-84F3-4138C123F55E}.Release|x86.ActiveCfg = Release|Any CPU
		{9C62883E-EFB0-4D9E-84F3-4138C123F55E}.Release|x86.Build.0 = Release|Any CPU
		{8C2C5767-857A-44B0-80C2-DC90E0A60F4D}.Debug|Any CPU.ActiveCfg = Debug|Any CPU
		{8C2C5767-857A-44B0-80C2-DC90E0A60F4D}.Debug|Any CPU.Build.0 = Debug|Any CPU
		{8C2C5767-857A-44B0-80C2-DC90E0A60F4D}.Debug|x64.ActiveCfg = Debug|Any CPU
		{8C2C5767-857A-44B0-80C2-DC90E0A60F4D}.Debug|x64.Build.0 = Debug|Any CPU
		{8C2C5767-857A-44B0-80C2-DC90E0A60F4D}.Debug|x86.ActiveCfg = Debug|Any CPU
		{8C2C5767-857A-44B0-80C2-DC90E0A60F4D}.Debug|x86.Build.0 = Debug|Any CPU
		{8C2C5767-857A-44B0-80C2-DC90E0A60F4D}.Release|Any CPU.ActiveCfg = Release|Any CPU
		{8C2C5767-857A-44B0-80C2-DC90E0A60F4D}.Release|Any CPU.Build.0 = Release|Any CPU
		{8C2C5767-857A-44B0-80C2-DC90E0A60F4D}.Release|x64.ActiveCfg = Release|Any CPU
		{8C2C5767-857A-44B0-80C2-DC90E0A60F4D}.Release|x64.Build.0 = Release|Any CPU
		{8C2C5767-857A-44B0-80C2-DC90E0A60F4D}.Release|x86.ActiveCfg = Release|Any CPU
		{8C2C5767-857A-44B0-80C2-DC90E0A60F4D}.Release|x86.Build.0 = Release|Any CPU
		{1E2C7B34-04B8-42C9-880D-CC47DEC156A7}.Debug|Any CPU.ActiveCfg = Debug|Any CPU
		{1E2C7B34-04B8-42C9-880D-CC47DEC156A7}.Debug|Any CPU.Build.0 = Debug|Any CPU
		{1E2C7B34-04B8-42C9-880D-CC47DEC156A7}.Debug|x64.ActiveCfg = Debug|Any CPU
		{1E2C7B34-04B8-42C9-880D-CC47DEC156A7}.Debug|x64.Build.0 = Debug|Any CPU
		{1E2C7B34-04B8-42C9-880D-CC47DEC156A7}.Debug|x86.ActiveCfg = Debug|Any CPU
		{1E2C7B34-04B8-42C9-880D-CC47DEC156A7}.Debug|x86.Build.0 = Debug|Any CPU
		{1E2C7B34-04B8-42C9-880D-CC47DEC156A7}.Release|Any CPU.ActiveCfg = Release|Any CPU
		{1E2C7B34-04B8-42C9-880D-CC47DEC156A7}.Release|Any CPU.Build.0 = Release|Any CPU
		{1E2C7B34-04B8-42C9-880D-CC47DEC156A7}.Release|x64.ActiveCfg = Release|Any CPU
		{1E2C7B34-04B8-42C9-880D-CC47DEC156A7}.Release|x64.Build.0 = Release|Any CPU
		{1E2C7B34-04B8-42C9-880D-CC47DEC156A7}.Release|x86.ActiveCfg = Release|Any CPU
		{1E2C7B34-04B8-42C9-880D-CC47DEC156A7}.Release|x86.Build.0 = Release|Any CPU
		{E22A34B5-F5E8-422D-9BA5-932B3C45188F}.Debug|Any CPU.ActiveCfg = Debug|Any CPU
		{E22A34B5-F5E8-422D-9BA5-932B3C45188F}.Debug|Any CPU.Build.0 = Debug|Any CPU
		{E22A34B5-F5E8-422D-9BA5-932B3C45188F}.Debug|x64.ActiveCfg = Debug|Any CPU
		{E22A34B5-F5E8-422D-9BA5-932B3C45188F}.Debug|x64.Build.0 = Debug|Any CPU
		{E22A34B5-F5E8-422D-9BA5-932B3C45188F}.Debug|x86.ActiveCfg = Debug|Any CPU
		{E22A34B5-F5E8-422D-9BA5-932B3C45188F}.Debug|x86.Build.0 = Debug|Any CPU
		{E22A34B5-F5E8-422D-9BA5-932B3C45188F}.Release|Any CPU.ActiveCfg = Release|Any CPU
		{E22A34B5-F5E8-422D-9BA5-932B3C45188F}.Release|Any CPU.Build.0 = Release|Any CPU
		{E22A34B5-F5E8-422D-9BA5-932B3C45188F}.Release|x64.ActiveCfg = Release|Any CPU
		{E22A34B5-F5E8-422D-9BA5-932B3C45188F}.Release|x64.Build.0 = Release|Any CPU
		{E22A34B5-F5E8-422D-9BA5-932B3C45188F}.Release|x86.ActiveCfg = Release|Any CPU
		{E22A34B5-F5E8-422D-9BA5-932B3C45188F}.Release|x86.Build.0 = Release|Any CPU
		{B734E1E1-59C2-47E0-8D19-A9C5C95938F1}.Debug|Any CPU.ActiveCfg = Debug|Any CPU
		{B734E1E1-59C2-47E0-8D19-A9C5C95938F1}.Debug|Any CPU.Build.0 = Debug|Any CPU
		{B734E1E1-59C2-47E0-8D19-A9C5C95938F1}.Debug|x64.ActiveCfg = Debug|Any CPU
		{B734E1E1-59C2-47E0-8D19-A9C5C95938F1}.Debug|x64.Build.0 = Debug|Any CPU
		{B734E1E1-59C2-47E0-8D19-A9C5C95938F1}.Debug|x86.ActiveCfg = Debug|Any CPU
		{B734E1E1-59C2-47E0-8D19-A9C5C95938F1}.Debug|x86.Build.0 = Debug|Any CPU
		{B734E1E1-59C2-47E0-8D19-A9C5C95938F1}.Release|Any CPU.ActiveCfg = Release|Any CPU
		{B734E1E1-59C2-47E0-8D19-A9C5C95938F1}.Release|Any CPU.Build.0 = Release|Any CPU
		{B734E1E1-59C2-47E0-8D19-A9C5C95938F1}.Release|x64.ActiveCfg = Release|Any CPU
		{B734E1E1-59C2-47E0-8D19-A9C5C95938F1}.Release|x64.Build.0 = Release|Any CPU
		{B734E1E1-59C2-47E0-8D19-A9C5C95938F1}.Release|x86.ActiveCfg = Release|Any CPU
		{B734E1E1-59C2-47E0-8D19-A9C5C95938F1}.Release|x86.Build.0 = Release|Any CPU
		{8A28B784-F90B-469C-91BE-F96F63ACEA32}.Debug|Any CPU.ActiveCfg = Debug|Any CPU
		{8A28B784-F90B-469C-91BE-F96F63ACEA32}.Debug|Any CPU.Build.0 = Debug|Any CPU
		{8A28B784-F90B-469C-91BE-F96F63ACEA32}.Debug|x64.ActiveCfg = Debug|Any CPU
		{8A28B784-F90B-469C-91BE-F96F63ACEA32}.Debug|x64.Build.0 = Debug|Any CPU
		{8A28B784-F90B-469C-91BE-F96F63ACEA32}.Debug|x86.ActiveCfg = Debug|Any CPU
		{8A28B784-F90B-469C-91BE-F96F63ACEA32}.Debug|x86.Build.0 = Debug|Any CPU
		{8A28B784-F90B-469C-91BE-F96F63ACEA32}.Release|Any CPU.ActiveCfg = Release|Any CPU
		{8A28B784-F90B-469C-91BE-F96F63ACEA32}.Release|Any CPU.Build.0 = Release|Any CPU
		{8A28B784-F90B-469C-91BE-F96F63ACEA32}.Release|x64.ActiveCfg = Release|Any CPU
		{8A28B784-F90B-469C-91BE-F96F63ACEA32}.Release|x64.Build.0 = Release|Any CPU
		{8A28B784-F90B-469C-91BE-F96F63ACEA32}.Release|x86.ActiveCfg = Release|Any CPU
		{8A28B784-F90B-469C-91BE-F96F63ACEA32}.Release|x86.Build.0 = Release|Any CPU
		{78A97951-E42C-41EF-9A9E-BD33648A4C81}.Debug|Any CPU.ActiveCfg = Debug|Any CPU
		{78A97951-E42C-41EF-9A9E-BD33648A4C81}.Debug|Any CPU.Build.0 = Debug|Any CPU
		{78A97951-E42C-41EF-9A9E-BD33648A4C81}.Debug|x64.ActiveCfg = Debug|Any CPU
		{78A97951-E42C-41EF-9A9E-BD33648A4C81}.Debug|x64.Build.0 = Debug|Any CPU
		{78A97951-E42C-41EF-9A9E-BD33648A4C81}.Debug|x86.ActiveCfg = Debug|Any CPU
		{78A97951-E42C-41EF-9A9E-BD33648A4C81}.Debug|x86.Build.0 = Debug|Any CPU
		{78A97951-E42C-41EF-9A9E-BD33648A4C81}.Release|Any CPU.ActiveCfg = Release|Any CPU
		{78A97951-E42C-41EF-9A9E-BD33648A4C81}.Release|Any CPU.Build.0 = Release|Any CPU
		{78A97951-E42C-41EF-9A9E-BD33648A4C81}.Release|x64.ActiveCfg = Release|Any CPU
		{78A97951-E42C-41EF-9A9E-BD33648A4C81}.Release|x64.Build.0 = Release|Any CPU
		{78A97951-E42C-41EF-9A9E-BD33648A4C81}.Release|x86.ActiveCfg = Release|Any CPU
		{78A97951-E42C-41EF-9A9E-BD33648A4C81}.Release|x86.Build.0 = Release|Any CPU
	EndGlobalSection
	GlobalSection(SolutionProperties) = preSolution
		HideSolutionNode = FALSE
	EndGlobalSection
	GlobalSection(NestedProjects) = preSolution
		{73C9C013-4E93-45EC-A69D-E490788D8E2B} = {827E0CD3-B72D-47B6-A68D-7590B98EB39B}
		{56151E59-268A-4A4B-BE94-B7AD2E8B32FA} = {827E0CD3-B72D-47B6-A68D-7590B98EB39B}
		{9C62883E-EFB0-4D9E-84F3-4138C123F55E} = {0AB3BF05-4346-4AA6-1389-037BE0695223}
		{8C2C5767-857A-44B0-80C2-DC90E0A60F4D} = {827E0CD3-B72D-47B6-A68D-7590B98EB39B}
		{1E2C7B34-04B8-42C9-880D-CC47DEC156A7} = {0AB3BF05-4346-4AA6-1389-037BE0695223}
		{E22A34B5-F5E8-422D-9BA5-932B3C45188F} = {827E0CD3-B72D-47B6-A68D-7590B98EB39B}
		{B734E1E1-59C2-47E0-8D19-A9C5C95938F1} = {0AB3BF05-4346-4AA6-1389-037BE0695223}
		{8A28B784-F90B-469C-91BE-F96F63ACEA32} = {827E0CD3-B72D-47B6-A68D-7590B98EB39B}
		{78A97951-E42C-41EF-9A9E-BD33648A4C81} = {827E0CD3-B72D-47B6-A68D-7590B98EB39B}
	EndGlobalSection
EndGlobal
